
Microsoft Visual Studio Solution File, Format Version 12.00
# Visual Studio Version 17
VisualStudioVersion = 17.14.36310.24
MinimumVisualStudioVersion = 10.0.40219.1
Project("{FAE04EC0-301F-11D3-BF4B-00C04F79EFBC}") = "CAT", "CAT\CAT.csproj", "{D60E5DE7-B86F-4545-8BDA-9846B7AED931}"
EndProject
Global
	GlobalSection(SolutionConfigurationPlatforms) = preSolution
		Debug|Any CPU = Debug|Any CPU
		Release|Any CPU = Release|Any CPU
	EndGlobalSection
	GlobalSection(ProjectConfigurationPlatforms) = postSolution
		{D60E5DE7-B86F-4545-8BDA-9846B7AED931}.Debug|Any CPU.ActiveCfg = Debug|Any CPU
		{D60E5DE7-B86F-4545-8BDA-9846B7AED931}.Debug|Any CPU.Build.0 = Debug|Any CPU
		{D60E5DE7-B86F-4545-8BDA-9846B7AED931}.Release|Any CPU.ActiveCfg = Release|Any CPU
		{D60E5DE7-B86F-4545-8BDA-9846B7AED931}.Release|Any CPU.Build.0 = Release|Any CPU
	EndGlobalSection
	GlobalSection(SolutionProperties) = preSolution
		HideSolutionNode = FALSE
	EndGlobalSection
	GlobalSection(ExtensibilityGlobals) = postSolution
		SolutionGuid = {887DD767-AEA8-4860-92F6-D3AB9F3EC1D5}
	EndGlobalSection
EndGlobal
